
Microsoft Visual Studio Solution File, Format Version 12.00
# Visual Studio 15
VisualStudioVersion = 15.0.27428.2002
MinimumVisualStudioVersion = 10.0.40219.1
Project("{262852C6-CD72-467D-83FE-5EEB1973A190}") = "bai-project", "bai-project.jsproj", "{2E3FA368-0AD9-484A-A8E7-C4F82F3BCE67}"
EndProject
Global
	GlobalSection(SolutionConfigurationPlatforms) = preSolution
		Debug|Android = Debug|Android
		Debug|iOS = Debug|iOS
		Debug|Windows-ARM = Debug|Windows-ARM
		Debug|Windows-x64 = Debug|Windows-x64
		Debug|Windows-x86 = Debug|Windows-x86
		Release|Android = Release|Android
		Release|iOS = Release|iOS
		Release|Windows-ARM = Release|Windows-ARM
		Release|Windows-x64 = Release|Windows-x64
		Release|Windows-x86 = Release|Windows-x86
	EndGlobalSection
	GlobalSection(ProjectConfigurationPlatforms) = postSolution
		{2E3FA368-0AD9-484A-A8E7-C4F82F3BCE67}.Debug|Android.ActiveCfg = Debug|Android
		{2E3FA368-0AD9-484A-A8E7-C4F82F3BCE67}.Debug|Android.Build.0 = Debug|Android
		{2E3FA368-0AD9-484A-A8E7-C4F82F3BCE67}.Debug|Android.Deploy.0 = Debug|Android
		{2E3FA368-0AD9-484A-A8E7-C4F82F3BCE67}.Debug|iOS.ActiveCfg = Debug|iOS
		{2E3FA368-0AD9-484A-A8E7-C4F82F3BCE67}.Debug|iOS.Build.0 = Debug|iOS
		{2E3FA368-0AD9-484A-A8E7-C4F82F3BCE67}.Debug|iOS.Deploy.0 = Debug|iOS
		{2E3FA368-0AD9-484A-A8E7-C4F82F3BCE67}.Debug|Windows-ARM.ActiveCfg = Debug|Windows-ARM
		{2E3FA368-0AD9-484A-A8E7-C4F82F3BCE67}.Debug|Windows-ARM.Build.0 = Debug|Windows-ARM
		{2E3FA368-0AD9-484A-A8E7-C4F82F3BCE67}.Debug|Windows-ARM.Deploy.0 = Debug|Windows-ARM
		{2E3FA368-0AD9-484A-A8E7-C4F82F3BCE67}.Debug|Windows-x64.ActiveCfg = Debug|Windows-x64
		{2E3FA368-0AD9-484A-A8E7-C4F82F3BCE67}.Debug|Windows-x64.Build.0 = Debug|Windows-x64
		{2E3FA368-0AD9-484A-A8E7-C4F82F3BCE67}.Debug|Windows-x64.Deploy.0 = Debug|Windows-x64
		{2E3FA368-0AD9-484A-A8E7-C4F82F3BCE67}.Debug|Windows-x86.ActiveCfg = Debug|Windows-x86
		{2E3FA368-0AD9-484A-A8E7-C4F82F3BCE67}.Debug|Windows-x86.Build.0 = Debug|Windows-x86
		{2E3FA368-0AD9-484A-A8E7-C4F82F3BCE67}.Debug|Windows-x86.Deploy.0 = Debug|Windows-x86
		{2E3FA368-0AD9-484A-A8E7-C4F82F3BCE67}.Release|Android.ActiveCfg = Release|Android
		{2E3FA368-0AD9-484A-A8E7-C4F82F3BCE67}.Release|Android.Build.0 = Release|Android
		{2E3FA368-0AD9-484A-A8E7-C4F82F3BCE67}.Release|Android.Deploy.0 = Release|Android
		{2E3FA368-0AD9-484A-A8E7-C4F82F3BCE67}.Release|iOS.ActiveCfg = Release|iOS
		{2E3FA368-0AD9-484A-A8E7-C4F82F3BCE67}.Release|iOS.Build.0 = Release|iOS
		{2E3FA368-0AD9-484A-A8E7-C4F82F3BCE67}.Release|iOS.Deploy.0 = Release|iOS
		{2E3FA368-0AD9-484A-A8E7-C4F82F3BCE67}.Release|Windows-ARM.ActiveCfg = Release|Windows-ARM
		{2E3FA368-0AD9-484A-A8E7-C4F82F3BCE67}.Release|Windows-ARM.Build.0 = Release|Windows-ARM
		{2E3FA368-0AD9-484A-A8E7-C4F82F3BCE67}.Release|Windows-ARM.Deploy.0 = Release|Windows-ARM
		{2E3FA368-0AD9-484A-A8E7-C4F82F3BCE67}.Release|Windows-x64.ActiveCfg = Release|Windows-x64
		{2E3FA368-0AD9-484A-A8E7-C4F82F3BCE67}.Release|Windows-x64.Build.0 = Release|Windows-x64
		{2E3FA368-0AD9-484A-A8E7-C4F82F3BCE67}.Release|Windows-x64.Deploy.0 = Release|Windows-x64
		{2E3FA368-0AD9-484A-A8E7-C4F82F3BCE67}.Release|Windows-x86.ActiveCfg = Release|Windows-x86
		{2E3FA368-0AD9-484A-A8E7-C4F82F3BCE67}.Release|Windows-x86.Build.0 = Release|Windows-x86
		{2E3FA368-0AD9-484A-A8E7-C4F82F3BCE67}.Release|Windows-x86.Deploy.0 = Release|Windows-x86
	EndGlobalSection
	GlobalSection(SolutionProperties) = preSolution
		HideSolutionNode = FALSE
	EndGlobalSection
	GlobalSection(ExtensibilityGlobals) = postSolution
		SolutionGuid = {C8D3135D-33D6-47BA-BF88-688914C3E967}
	EndGlobalSection
EndGlobal
